// !$*UTF8*$!
{
	archiveVersion = 1;
	classes = {
	};
	objectVersion = 50;
	objects = {

/* Begin PBXBuildFile section */
		45C56EB523718D3700259B5F /* AppDelegate.swift in Sources */ = {isa = PBXBuildFile; fileRef = 45C56EB423718D3700259B5F /* AppDelegate.swift */; };
		45C56EB723718D3700259B5F /* SceneDelegate.swift in Sources */ = {isa = PBXBuildFile; fileRef = 45C56EB623718D3700259B5F /* SceneDelegate.swift */; };
		45C56EB923718D3700259B5F /* ContentView.swift in Sources */ = {isa = PBXBuildFile; fileRef = 45C56EB823718D3700259B5F /* ContentView.swift */; };
		45C56EBB23718D3A00259B5F /* Assets.xcassets in Resources */ = {isa = PBXBuildFile; fileRef = 45C56EBA23718D3A00259B5F /* Assets.xcassets */; };
		45C56EBE23718D3A00259B5F /* Preview Assets.xcassets in Resources */ = {isa = PBXBuildFile; fileRef = 45C56EBD23718D3A00259B5F /* Preview Assets.xcassets */; };
		45C56EC123718D3A00259B5F /* LaunchScreen.storyboard in Resources */ = {isa = PBXBuildFile; fileRef = 45C56EBF23718D3A00259B5F /* LaunchScreen.storyboard */; };
		45C56EC923718D7A00259B5F /* Astronaut.swift in Sources */ = {isa = PBXBuildFile; fileRef = 45C56EC823718D7A00259B5F /* Astronaut.swift */; };
		45C56ECB23718DC400259B5F /* Bundle + decodable.swift in Sources */ = {isa = PBXBuildFile; fileRef = 45C56ECA23718DC400259B5F /* Bundle + decodable.swift */; };
		45C56ECE23718E8F00259B5F /* astronauts.json in Resources */ = {isa = PBXBuildFile; fileRef = 45C56ECC23718E8F00259B5F /* astronauts.json */; };
		45C56ECF23718E8F00259B5F /* missions.json in Resources */ = {isa = PBXBuildFile; fileRef = 45C56ECD23718E8F00259B5F /* missions.json */; };
		45C56ED32371919000259B5F /* Mission.swift in Sources */ = {isa = PBXBuildFile; fileRef = 45C56ED22371919000259B5F /* Mission.swift */; };
		45C56ED5237198BF00259B5F /* MissionView.swift in Sources */ = {isa = PBXBuildFile; fileRef = 45C56ED4237198BF00259B5F /* MissionView.swift */; };
		45C56ED72371A9F100259B5F /* AstronautView.swift in Sources */ = {isa = PBXBuildFile; fileRef = 45C56ED62371A9F100259B5F /* AstronautView.swift */; };
/* End PBXBuildFile section */

/* Begin PBXFileReference section */
		45C56EB123718D3700259B5F /* Moonshot.app */ = {isa = PBXFileReference; explicitFileType = wrapper.application; includeInIndex = 0; path = Moonshot.app; sourceTree = BUILT_PRODUCTS_DIR; };
		45C56EB423718D3700259B5F /* AppDelegate.swift */ = {isa = PBXFileReference; lastKnownFileType = sourcecode.swift; path = AppDelegate.swift; sourceTree = "<group>"; };
		45C56EB623718D3700259B5F /* SceneDelegate.swift */ = {isa = PBXFileReference; lastKnownFileType = sourcecode.swift; path = SceneDelegate.swift; sourceTree = "<group>"; };
		45C56EB823718D3700259B5F /* ContentView.swift */ = {isa = PBXFileReference; lastKnownFileType = sourcecode.swift; path = ContentView.swift; sourceTree = "<group>"; };
		45C56EBA23718D3A00259B5F /* Assets.xcassets */ = {isa = PBXFileReference; lastKnownFileType = folder.assetcatalog; path = Assets.xcassets; sourceTree = "<group>"; };
		45C56EBD23718D3A00259B5F /* Preview Assets.xcassets */ = {isa = PBXFileReference; lastKnownFileType = folder.assetcatalog; path = "Preview Assets.xcassets"; sourceTree = "<group>"; };
		45C56EC023718D3A00259B5F /* Base */ = {isa = PBXFileReference; lastKnownFileType = file.storyboard; name = Base; path = Base.lproj/LaunchScreen.storyboard; sourceTree = "<group>"; };
		45C56EC223718D3A00259B5F /* Info.plist */ = {isa = PBXFileReference; lastKnownFileType = text.plist.xml; path = Info.plist; sourceTree = "<group>"; };
		45C56EC823718D7A00259B5F /* Astronaut.swift */ = {isa = PBXFileReference; lastKnownFileType = sourcecode.swift; path = Astronaut.swift; sourceTree = "<group>"; };
		45C56ECA23718DC400259B5F /* Bundle + decodable.swift */ = {isa = PBXFileReference; lastKnownFileType = sourcecode.swift; path = "Bundle + decodable.swift"; sourceTree = "<group>"; };
		45C56ECC23718E8F00259B5F /* astronauts.json */ = {isa = PBXFileReference; fileEncoding = 4; lastKnownFileType = text.json; path = astronauts.json; sourceTree = "<group>"; };
		45C56ECD23718E8F00259B5F /* missions.json */ = {isa = PBXFileReference; fileEncoding = 4; lastKnownFileType = text.json; path = missions.json; sourceTree = "<group>"; };
		45C56ED22371919000259B5F /* Mission.swift */ = {isa = PBXFileReference; lastKnownFileType = sourcecode.swift; path = Mission.swift; sourceTree = "<group>"; };
		45C56ED4237198BF00259B5F /* MissionView.swift */ = {isa = PBXFileReference; lastKnownFileType = sourcecode.swift; path = MissionView.swift; sourceTree = "<group>"; };
		45C56ED62371A9F100259B5F /* AstronautView.swift */ = {isa = PBXFileReference; lastKnownFileType = sourcecode.swift; path = AstronautView.swift; sourceTree = "<group>"; };
/* End PBXFileReference section */

/* Begin PBXFrameworksBuildPhase section */
		45C56EAE23718D3700259B5F /* Frameworks */ = {
			isa = PBXFrameworksBuildPhase;
			buildActionMask = 2147483647;
			files = (
			);
			runOnlyForDeploymentPostprocessing = 0;
		};
/* End PBXFrameworksBuildPhase section */

/* Begin PBXGroup section */
		45C56EA823718D3700259B5F = {
			isa = PBXGroup;
			children = (
				45C56EB323718D3700259B5F /* Moonshot */,
				45C56EB223718D3700259B5F /* Products */,
			);
			sourceTree = "<group>";
		};
		45C56EB223718D3700259B5F /* Products */ = {
			isa = PBXGroup;
			children = (
				45C56EB123718D3700259B5F /* Moonshot.app */,
			);
			name = Products;
			sourceTree = "<group>";
		};
		45C56EB323718D3700259B5F /* Moonshot */ = {
			isa = PBXGroup;
			children = (
				45C56ECC23718E8F00259B5F /* astronauts.json */,
				45C56ECD23718E8F00259B5F /* missions.json */,
				45C56EB423718D3700259B5F /* AppDelegate.swift */,
				45C56EB623718D3700259B5F /* SceneDelegate.swift */,
				45C56EB823718D3700259B5F /* ContentView.swift */,
				45C56EBA23718D3A00259B5F /* Assets.xcassets */,
				45C56EBF23718D3A00259B5F /* LaunchScreen.storyboard */,
				45C56EC223718D3A00259B5F /* Info.plist */,
				45C56EBC23718D3A00259B5F /* Preview Content */,
				45C56EC823718D7A00259B5F /* Astronaut.swift */,
				45C56ECA23718DC400259B5F /* Bundle + decodable.swift */,
				45C56ED22371919000259B5F /* Mission.swift */,
				45C56ED4237198BF00259B5F /* MissionView.swift */,
				45C56ED62371A9F100259B5F /* AstronautView.swift */,
			);
			path = Moonshot;
			sourceTree = "<group>";
		};
		45C56EBC23718D3A00259B5F /* Preview Content */ = {
			isa = PBXGroup;
			children = (
				45C56EBD23718D3A00259B5F /* Preview Assets.xcassets */,
			);
			path = "Preview Content";
			sourceTree = "<group>";
		};
/* End PBXGroup section */

/* Begin PBXNativeTarget section */
		45C56EB023718D3700259B5F /* Moonshot */ = {
			isa = PBXNativeTarget;
			buildConfigurationList = 45C56EC523718D3A00259B5F /* Build configuration list for PBXNativeTarget "Moonshot" */;
			buildPhases = (
				45C56EAD23718D3700259B5F /* Sources */,
				45C56EAE23718D3700259B5F /* Frameworks */,
				45C56EAF23718D3700259B5F /* Resources */,
			);
			buildRules = (
			);
			dependencies = (
			);
			name = Moonshot;
			productName = Moonshot;
			productReference = 45C56EB123718D3700259B5F /* Moonshot.app */;
			productType = "com.apple.product-type.application";
		};
/* End PBXNativeTarget section */

/* Begin PBXProject section */
		45C56EA923718D3700259B5F /* Project object */ = {
			isa = PBXProject;
			attributes = {
				LastSwiftUpdateCheck = 1110;
				LastUpgradeCheck = 1110;
				ORGANIZATIONNAME = "Софья П. Рожина";
				TargetAttributes = {
					45C56EB023718D3700259B5F = {
						CreatedOnToolsVersion = 11.1;
					};
				};
			};
			buildConfigurationList = 45C56EAC23718D3700259B5F /* Build configuration list for PBXProject "Moonshot" */;
			compatibilityVersion = "Xcode 9.3";
			developmentRegion = en;
			hasScannedForEncodings = 0;
			knownRegions = (
				en,
				Base,
			);
			mainGroup = 45C56EA823718D3700259B5F;
			productRefGroup = 45C56EB223718D3700259B5F /* Products */;
			projectDirPath = "";
			projectRoot = "";
			targets = (
				45C56EB023718D3700259B5F /* Moonshot */,
			);
		};
/* End PBXProject section */

/* Begin PBXResourcesBuildPhase section */
		45C56EAF23718D3700259B5F /* Resources */ = {
			isa = PBXResourcesBuildPhase;
			buildActionMask = 2147483647;
			files = (
				45C56EC123718D3A00259B5F /* LaunchScreen.storyboard in Resources */,
				45C56ECF23718E8F00259B5F /* missions.json in Resources */,
				45C56EBE23718D3A00259B5F /* Preview Assets.xcassets in Resources */,
				45C56EBB23718D3A00259B5F /* Assets.xcassets in Resources */,
				45C56ECE23718E8F00259B5F /* astronauts.json in Resources */,
			);
			runOnlyForDeploymentPostprocessing = 0;
		};
/* End PBXResourcesBuildPhase section */

/* Begin PBXSourcesBuildPhase section */
		45C56EAD23718D3700259B5F /* Sources */ = {
			isa = PBXSourcesBuildPhase;
			buildActionMask = 2147483647;
			files = (
				45C56ED5237198BF00259B5F /* MissionView.swift in Sources */,
				45C56ECB23718DC400259B5F /* Bundle + decodable.swift in Sources */,
				45C56ED72371A9F100259B5F /* AstronautView.swift in Sources */,
				45C56EB523718D3700259B5F /* AppDelegate.swift in Sources */,
				45C56EB723718D3700259B5F /* SceneDelegate.swift in Sources */,
				45C56EB923718D3700259B5F /* ContentView.swift in Sources */,
				45C56ED32371919000259B5F /* Mission.swift in Sources */,
				45C56EC923718D7A00259B5F /* Astronaut.swift in Sources */,
			);
			runOnlyForDeploymentPostprocessing = 0;
		};
/* End PBXSourcesBuildPhase section */

/* Begin PBXVariantGroup section */
		45C56EBF23718D3A00259B5F /* LaunchScreen.storyboard */ = {
			isa = PBXVariantGroup;
			children = (
				45C56EC023718D3A00259B5F /* Base */,
			);
			name = LaunchScreen.storyboard;
			sourceTree = "<group>";
		};
/* End PBXVariantGroup section */

/* Begin XCBuildConfiguration section */
		45C56EC323718D3A00259B5F /* Debug */ = {
			isa = XCBuildConfiguration;
			buildSettings = {
				ALWAYS_SEARCH_USER_PATHS = NO;
				CLANG_ANALYZER_NONNULL = YES;
				CLANG_ANALYZER_NUMBER_OBJECT_CONVERSION = YES_AGGRESSIVE;
				CLANG_CXX_LANGUAGE_STANDARD = "gnu++14";
				CLANG_CXX_LIBRARY = "libc++";
				CLANG_ENABLE_MODULES = YES;
				CLANG_ENABLE_OBJC_ARC = YES;
				CLANG_ENABLE_OBJC_WEAK = YES;
				CLANG_WARN_BLOCK_CAPTURE_AUTORELEASING = YES;
				CLANG_WARN_BOOL_CONVERSION = YES;
				CLANG_WARN_COMMA = YES;
				CLANG_WARN_CONSTANT_CONVERSION = YES;
				CLANG_WARN_DEPRECATED_OBJC_IMPLEMENTATIONS = YES;
				CLANG_WARN_DIRECT_OBJC_ISA_USAGE = YES_ERROR;
				CLANG_WARN_DOCUMENTATION_COMMENTS = YES;
				CLANG_WARN_EMPTY_BODY = YES;
				CLANG_WARN_ENUM_CONVERSION = YES;
				CLANG_WARN_INFINITE_RECURSION = YES;
				CLANG_WARN_INT_CONVERSION = YES;
				CLANG_WARN_NON_LITERAL_NULL_CONVERSION = YES;
				CLANG_WARN_OBJC_IMPLICIT_RETAIN_SELF = YES;
				CLANG_WARN_OBJC_LITERAL_CONVERSION = YES;
				CLANG_WARN_OBJC_ROOT_CLASS = YES_ERROR;
				CLANG_WARN_RANGE_LOOP_ANALYSIS = YES;
				CLANG_WARN_STRICT_PROTOTYPES = YES;
				CLANG_WARN_SUSPICIOUS_MOVE = YES;
				CLANG_WARN_UNGUARDED_AVAILABILITY = YES_AGGRESSIVE;
				CLANG_WARN_UNREACHABLE_CODE = YES;
				CLANG_WARN__DUPLICATE_METHOD_MATCH = YES;
				COPY_PHASE_STRIP = NO;
				DEBUG_INFORMATION_FORMAT = dwarf;
				ENABLE_STRICT_OBJC_MSGSEND = YES;
				ENABLE_TESTABILITY = YES;
				GCC_C_LANGUAGE_STANDARD = gnu11;
				GCC_DYNAMIC_NO_PIC = NO;
				GCC_NO_COMMON_BLOCKS = YES;
				GCC_OPTIMIZATION_LEVEL = 0;
				GCC_PREPROCESSOR_DEFINITIONS = (
					"DEBUG=1",
					"$(inherited)",
				);
				GCC_WARN_64_TO_32_BIT_CONVERSION = YES;
				GCC_WARN_ABOUT_RETURN_TYPE = YES_ERROR;
				GCC_WARN_UNDECLARED_SELECTOR = YES;
				GCC_WARN_UNINITIALIZED_AUTOS = YES_AGGRESSIVE;
				GCC_WARN_UNUSED_FUNCTION = YES;
				GCC_WARN_UNUSED_VARIABLE = YES;
				IPHONEOS_DEPLOYMENT_TARGET = 13.1;
				MTL_ENABLE_DEBUG_INFO = INCLUDE_SOURCE;
				MTL_FAST_MATH = YES;
				ONLY_ACTIVE_ARCH = YES;
				SDKROOT = iphoneos;
				SWIFT_ACTIVE_COMPILATION_CONDITIONS = DEBUG;
				SWIFT_OPTIMIZATION_LEVEL = "-Onone";
			};
			name = Debug;
		};
		45C56EC423718D3A00259B5F /* Release */ = {
			isa = XCBuildConfiguration;
			buildSettings = {
				ALWAYS_SEARCH_USER_PATHS = NO;
				CLANG_ANALYZER_NONNULL = YES;
				CLANG_ANALYZER_NUMBER_OBJECT_CONVERSION = YES_AGGRESSIVE;
				CLANG_CXX_LANGUAGE_STANDARD = "gnu++14";
				CLANG_CXX_LIBRARY = "libc++";
				CLANG_ENABLE_MODULES = YES;
				CLANG_ENABLE_OBJC_ARC = YES;
				CLANG_ENABLE_OBJC_WEAK = YES;
				CLANG_WARN_BLOCK_CAPTURE_AUTORELEASING = YES;
				CLANG_WARN_BOOL_CONVERSION = YES;
				CLANG_WARN_COMMA = YES;
				CLANG_WARN_CONSTANT_CONVERSION = YES;
				CLANG_WARN_DEPRECATED_OBJC_IMPLEMENTATIONS = YES;
				CLANG_WARN_DIRECT_OBJC_ISA_USAGE = YES_ERROR;
				CLANG_WARN_DOCUMENTATION_COMMENTS = YES;
				CLANG_WARN_EMPTY_BODY = YES;
				CLANG_WARN_ENUM_CONVERSION = YES;
				CLANG_WARN_INFINITE_RECURSION = YES;
				CLANG_WARN_INT_CONVERSION = YES;
				CLANG_WARN_NON_LITERAL_NULL_CONVERSION = YES;
				CLANG_WARN_OBJC_IMPLICIT_RETAIN_SELF = YES;
				CLANG_WARN_OBJC_LITERAL_CONVERSION = YES;
				CLANG_WARN_OBJC_ROOT_CLASS = YES_ERROR;
				CLANG_WARN_RANGE_LOOP_ANALYSIS = YES;
				CLANG_WARN_STRICT_PROTOTYPES = YES;
				CLANG_WARN_SUSPICIOUS_MOVE = YES;
				CLANG_WARN_UNGUARDED_AVAILABILITY = YES_AGGRESSIVE;
				CLANG_WARN_UNREACHABLE_CODE = YES;
				CLANG_WARN__DUPLICATE_METHOD_MATCH = YES;
				COPY_PHASE_STRIP = NO;
				DEBUG_INFORMATION_FORMAT = "dwarf-with-dsym";
				ENABLE_NS_ASSERTIONS = NO;
				ENABLE_STRICT_OBJC_MSGSEND = YES;
				GCC_C_LANGUAGE_STANDARD = gnu11;
				GCC_NO_COMMON_BLOCKS = YES;
				GCC_WARN_64_TO_32_BIT_CONVERSION = YES;
				GCC_WARN_ABOUT_RETURN_TYPE = YES_ERROR;
				GCC_WARN_UNDECLARED_SELECTOR = YES;
				GCC_WARN_UNINITIALIZED_AUTOS = YES_AGGRESSIVE;
				GCC_WARN_UNUSED_FUNCTION = YES;
				GCC_WARN_UNUSED_VARIABLE = YES;
				IPHONEOS_DEPLOYMENT_TARGET = 13.1;
				MTL_ENABLE_DEBUG_INFO = NO;
				MTL_FAST_MATH = YES;
				SDKROOT = iphoneos;
				SWIFT_COMPILATION_MODE = wholemodule;
				SWIFT_OPTIMIZATION_LEVEL = "-O";
				VALIDATE_PRODUCT = YES;
			};
			name = Release;
		};
		45C56EC623718D3A00259B5F /* Debug */ = {
			isa = XCBuildConfiguration;
			buildSettings = {
				ASSETCATALOG_COMPILER_APPICON_NAME = AppIcon;
				CODE_SIGN_STYLE = Automatic;
				DEVELOPMENT_ASSET_PATHS = "\"Moonshot/Preview Content\"";
				ENABLE_PREVIEWS = YES;
				INFOPLIST_FILE = Moonshot/Info.plist;
				LD_RUNPATH_SEARCH_PATHS = (
					"$(inherited)",
					"@executable_path/Frameworks",
				);
				PRODUCT_BUNDLE_IDENTIFIER = com.SofiaRozhina.Moonshot;
				PRODUCT_NAME = "$(TARGET_NAME)";
				SWIFT_VERSION = 5.0;
				TARGETED_DEVICE_FAMILY = "1,2";
			};
			name = Debug;
		};
		45C56EC723718D3A00259B5F /* Release */ = {
			isa = XCBuildConfiguration;
			buildSettings = {
				ASSETCATALOG_COMPILER_APPICON_NAME = AppIcon;
				CODE_SIGN_STYLE = Automatic;
				DEVELOPMENT_ASSET_PATHS = "\"Moonshot/Preview Content\"";
				ENABLE_PREVIEWS = YES;
				INFOPLIST_FILE = Moonshot/Info.plist;
				LD_RUNPATH_SEARCH_PATHS = (
					"$(inherited)",
					"@executable_path/Frameworks",
				);
				PRODUCT_BUNDLE_IDENTIFIER = com.SofiaRozhina.Moonshot;
				PRODUCT_NAME = "$(TARGET_NAME)";
				SWIFT_VERSION = 5.0;
				TARGETED_DEVICE_FAMILY = "1,2";
			};
			name = Release;
		};
/* End XCBuildConfiguration section */

/* Begin XCConfigurationList section */
		45C56EAC23718D3700259B5F /* Build configuration list for PBXProject "Moonshot" */ = {
			isa = XCConfigurationList;
			buildConfigurations = (
				45C56EC323718D3A00259B5F /* Debug */,
				45C56EC423718D3A00259B5F /* Release */,
			);
			defaultConfigurationIsVisible = 0;
			defaultConfigurationName = Release;
		};
		45C56EC523718D3A00259B5F /* Build configuration list for PBXNativeTarget "Moonshot" */ = {
			isa = XCConfigurationList;
			buildConfigurations = (
				45C56EC623718D3A00259B5F /* Debug */,
				45C56EC723718D3A00259B5F /* Release */,
			);
			defaultConfigurationIsVisible = 0;
			defaultConfigurationName = Release;
		};
/* End XCConfigurationList section */
	};
	rootObject = 45C56EA923718D3700259B5F /* Project object */;
}
